{
  "name": "simple_app",
  "version": "1.0.0",
  "lockfileVersion": 3,
  "requires": true,
  "packages": {
    "": {
      "name": "simple_app",
      "version": "1.0.0",
      "license": "ISC",
      "dependencies": {
        "10_ts_and_npm": "file:../../10_ts_and_npm-1.0.0.tgz"
      }
    },
    "node_modules/10_ts_and_npm": {
      "version": "1.0.0",
      "resolved": "file:../../10_ts_and_npm-1.0.0.tgz",
      "integrity": "sha512-ArsP5viKS5z3ngRTcbh+QWaMX//Qxacgxjg+Que/Lu2yVR+WgWeIkOqYsouD3UEYG6ufiaIhq9oEquuS7gaFZg==",
      "license": "ISC",
      "dependencies": {
        "uuid": "^13.0.0"
      }
    },
    "node_modules/uuid": {
      "version": "13.0.0",
      "resolved": "https://registry.npmjs.org/uuid/-/uuid-13.0.0.tgz",
      "integrity": "sha512-XQegIaBTVUjSHliKqcnFqYypAd4S+WCYt5NIeRs6w/UAry7z8Y9j5ZwRRL4kzq9U3sD6v+85er9FvkEaBpji2w==",
      "funding": [
        "https://github.com/sponsors/broofa",
        "https://github.com/sponsors/ctavan"
      ],
      "license": "MIT",
      "bin": {
        "uuid": "dist-node/bin/uuid"
      }
    }
  }
}
